
Microsoft Visual Studio Solution File, Format Version 12.00
# Visual Studio Version 16
VisualStudioVersion = 16.0.29609.76
MinimumVisualStudioVersion = 10.0.40219.1
Project("{FAE04EC0-301F-11D3-BF4B-00C04F79EFBC}") = "Popr", "Popr\Popr.csproj", "{9596F8A7-2EEC-4215-B6B7-02618150A027}"
EndProject
Global
	GlobalSection(SolutionConfigurationPlatforms) = preSolution
		Debug|Any CPU = Debug|Any CPU
		Release|Any CPU = Release|Any CPU
	EndGlobalSection
	GlobalSection(ProjectConfigurationPlatforms) = postSolution
		{9596F8A7-2EEC-4215-B6B7-02618150A027}.Debug|Any CPU.ActiveCfg = Debug|Any CPU
		{9596F8A7-2EEC-4215-B6B7-02618150A027}.Debug|Any CPU.Build.0 = Debug|Any CPU
		{9596F8A7-2EEC-4215-B6B7-02618150A027}.Release|Any CPU.ActiveCfg = Release|Any CPU
		{9596F8A7-2EEC-4215-B6B7-02618150A027}.Release|Any CPU.Build.0 = Release|Any CPU
	EndGlobalSection
	GlobalSection(SolutionProperties) = preSolution
		HideSolutionNode = FALSE
	EndGlobalSection
	GlobalSection(ExtensibilityGlobals) = postSolution
		SolutionGuid = {F209D3EA-B9AE-4416-91D0-6FE83B8C40F0}
	EndGlobalSection
EndGlobal
